
Microsoft Visual Studio Solution File, Format Version 12.00
# Visual Studio Version 17
VisualStudioVersion = 17.5.33502.453
MinimumVisualStudioVersion = 10.0.40219.1
Project("{FAE04EC0-301F-11D3-BF4B-00C04F79EFBC}") = "Ejercicio en Clase 7", "Ejercicio en Clase 7\Ejercicio en Clase 7.csproj", "{854015E7-1DCF-4FEB-8E24-A8710B718395}"
EndProject
Global
	GlobalSection(SolutionConfigurationPlatforms) = preSolution
		Debug|Any CPU = Debug|Any CPU
		Release|Any CPU = Release|Any CPU
	EndGlobalSection
	GlobalSection(ProjectConfigurationPlatforms) = postSolution
		{854015E7-1DCF-4FEB-8E24-A8710B718395}.Debug|Any CPU.ActiveCfg = Debug|Any CPU
		{854015E7-1DCF-4FEB-8E24-A8710B718395}.Debug|Any CPU.Build.0 = Debug|Any CPU
		{854015E7-1DCF-4FEB-8E24-A8710B718395}.Release|Any CPU.ActiveCfg = Release|Any CPU
		{854015E7-1DCF-4FEB-8E24-A8710B718395}.Release|Any CPU.Build.0 = Release|Any CPU
	EndGlobalSection
	GlobalSection(SolutionProperties) = preSolution
		HideSolutionNode = FALSE
	EndGlobalSection
	GlobalSection(ExtensibilityGlobals) = postSolution
		SolutionGuid = {B545B774-A33B-4336-A650-6F22D82C5E2B}
	EndGlobalSection
EndGlobal
